
Microsoft Visual Studio Solution File, Format Version 11.00
# Visual Studio 2010
Project("{FAE04EC0-301F-11D3-BF4B-00C04F79EFBC}") = "Common", "Common\Common.csproj", "{76A093AC-5FF5-4F2B-B0BA-0FA4E48BA5D0}"
EndProject
Project("{FAE04EC0-301F-11D3-BF4B-00C04F79EFBC}") = "Server", "Server\Server.csproj", "{4C37A47A-C50C-4506-AFA6-0D270900CBCB}"
EndProject
Project("{FAE04EC0-301F-11D3-BF4B-00C04F79EFBC}") = "Client", "Client\Client.csproj", "{65782E11-3DEF-4D07-9C7F-CBEEBAC95299}"
EndProject
Global
	GlobalSection(SolutionConfigurationPlatforms) = preSolution
		Debug|Any CPU = Debug|Any CPU
		Debug|Mixed Platforms = Debug|Mixed Platforms
		Debug|x86 = Debug|x86
		Release|Any CPU = Release|Any CPU
		Release|Mixed Platforms = Release|Mixed Platforms
		Release|x86 = Release|x86
	EndGlobalSection
	GlobalSection(ProjectConfigurationPlatforms) = postSolution
		{76A093AC-5FF5-4F2B-B0BA-0FA4E48BA5D0}.Debug|Any CPU.ActiveCfg = Debug|Any CPU
		{76A093AC-5FF5-4F2B-B0BA-0FA4E48BA5D0}.Debug|Any CPU.Build.0 = Debug|Any CPU
		{76A093AC-5FF5-4F2B-B0BA-0FA4E48BA5D0}.Debug|Mixed Platforms.ActiveCfg = Debug|Any CPU
		{76A093AC-5FF5-4F2B-B0BA-0FA4E48BA5D0}.Debug|Mixed Platforms.Build.0 = Debug|Any CPU
		{76A093AC-5FF5-4F2B-B0BA-0FA4E48BA5D0}.Debug|x86.ActiveCfg = Debug|Any CPU
		{76A093AC-5FF5-4F2B-B0BA-0FA4E48BA5D0}.Release|Any CPU.ActiveCfg = Release|Any CPU
		{76A093AC-5FF5-4F2B-B0BA-0FA4E48BA5D0}.Release|Any CPU.Build.0 = Release|Any CPU
		{76A093AC-5FF5-4F2B-B0BA-0FA4E48BA5D0}.Release|Mixed Platforms.ActiveCfg = Release|Any CPU
		{76A093AC-5FF5-4F2B-B0BA-0FA4E48BA5D0}.Release|Mixed Platforms.Build.0 = Release|Any CPU
		{76A093AC-5FF5-4F2B-B0BA-0FA4E48BA5D0}.Release|x86.ActiveCfg = Release|Any CPU
		{4C37A47A-C50C-4506-AFA6-0D270900CBCB}.Debug|Any CPU.ActiveCfg = Debug|x86
		{4C37A47A-C50C-4506-AFA6-0D270900CBCB}.Debug|Mixed Platforms.ActiveCfg = Debug|x86
		{4C37A47A-C50C-4506-AFA6-0D270900CBCB}.Debug|Mixed Platforms.Build.0 = Debug|x86
		{4C37A47A-C50C-4506-AFA6-0D270900CBCB}.Debug|x86.ActiveCfg = Debug|x86
		{4C37A47A-C50C-4506-AFA6-0D270900CBCB}.Debug|x86.Build.0 = Debug|x86
		{4C37A47A-C50C-4506-AFA6-0D270900CBCB}.Release|Any CPU.ActiveCfg = Release|x86
		{4C37A47A-C50C-4506-AFA6-0D270900CBCB}.Release|Mixed Platforms.ActiveCfg = Release|x86
		{4C37A47A-C50C-4506-AFA6-0D270900CBCB}.Release|Mixed Platforms.Build.0 = Release|x86
		{4C37A47A-C50C-4506-AFA6-0D270900CBCB}.Release|x86.ActiveCfg = Release|x86
		{4C37A47A-C50C-4506-AFA6-0D270900CBCB}.Release|x86.Build.0 = Release|x86
		{65782E11-3DEF-4D07-9C7F-CBEEBAC95299}.Debug|Any CPU.ActiveCfg = Debug|x86
		{65782E11-3DEF-4D07-9C7F-CBEEBAC95299}.Debug|Mixed Platforms.ActiveCfg = Debug|x86
		{65782E11-3DEF-4D07-9C7F-CBEEBAC95299}.Debug|Mixed Platforms.Build.0 = Debug|x86
		{65782E11-3DEF-4D07-9C7F-CBEEBAC95299}.Debug|x86.ActiveCfg = Debug|x86
		{65782E11-3DEF-4D07-9C7F-CBEEBAC95299}.Debug|x86.Build.0 = Debug|x86
		{65782E11-3DEF-4D07-9C7F-CBEEBAC95299}.Release|Any CPU.ActiveCfg = Release|x86
		{65782E11-3DEF-4D07-9C7F-CBEEBAC95299}.Release|Mixed Platforms.ActiveCfg = Release|x86
		{65782E11-3DEF-4D07-9C7F-CBEEBAC95299}.Release|Mixed Platforms.Build.0 = Release|x86
		{65782E11-3DEF-4D07-9C7F-CBEEBAC95299}.Release|x86.ActiveCfg = Release|x86
		{65782E11-3DEF-4D07-9C7F-CBEEBAC95299}.Release|x86.Build.0 = Release|x86
	EndGlobalSection
	GlobalSection(SolutionProperties) = preSolution
		HideSolutionNode = FALSE
	EndGlobalSection
EndGlobal
